
Microsoft Visual Studio Solution File, Format Version 12.00
# Visual Studio Version 17
VisualStudioVersion = 17.4.33213.308
MinimumVisualStudioVersion = 10.0.40219.1
Project("{FAE04EC0-301F-11D3-BF4B-00C04F79EFBC}") = "SafeBankIdentity.EntityLayer", "SafeBankIdentity.EntityLayer\SafeBankIdentity.EntityLayer.csproj", "{970495A0-A870-46AB-A5FD-5348113CE22B}"
EndProject
Project("{FAE04EC0-301F-11D3-BF4B-00C04F79EFBC}") = "SafeBankIdentity.DataAccessLayer", "SafeBankIdentity.DataAccessLayer\SafeBankIdentity.DataAccessLayer.csproj", "{4E03C537-F952-4313-9A80-60FECF843C20}"
EndProject
Project("{FAE04EC0-301F-11D3-BF4B-00C04F79EFBC}") = "SafeBankIdentity.BusinessLayer", "SafeBankIdentity.BusinessLayer\SafeBankIdentity.BusinessLayer.csproj", "{CDBB1E97-7CEE-40DB-B331-D9D666E677DA}"
EndProject
Project("{FAE04EC0-301F-11D3-BF4B-00C04F79EFBC}") = "SafeBankIdentity.DtoLayer", "SafeBankIdentity.DtoLayer\SafeBankIdentity.DtoLayer.csproj", "{B2363376-CF60-46B3-A5DD-0CE5A958A993}"
EndProject
Project("{FAE04EC0-301F-11D3-BF4B-00C04F79EFBC}") = "SafeBankIdentity.PresentationLayer", "SafeBankIdentity.PresentationLayer\SafeBankIdentity.PresentationLayer.csproj", "{EABA5305-1E70-4E60-8603-88C602C1DEE8}"
EndProject
Global
	GlobalSection(SolutionConfigurationPlatforms) = preSolution
		Debug|Any CPU = Debug|Any CPU
		Release|Any CPU = Release|Any CPU
	EndGlobalSection
	GlobalSection(ProjectConfigurationPlatforms) = postSolution
		{970495A0-A870-46AB-A5FD-5348113CE22B}.Debug|Any CPU.ActiveCfg = Debug|Any CPU
		{970495A0-A870-46AB-A5FD-5348113CE22B}.Debug|Any CPU.Build.0 = Debug|Any CPU
		{970495A0-A870-46AB-A5FD-5348113CE22B}.Release|Any CPU.ActiveCfg = Release|Any CPU
		{970495A0-A870-46AB-A5FD-5348113CE22B}.Release|Any CPU.Build.0 = Release|Any CPU
		{4E03C537-F952-4313-9A80-60FECF843C20}.Debug|Any CPU.ActiveCfg = Debug|Any CPU
		{4E03C537-F952-4313-9A80-60FECF843C20}.Debug|Any CPU.Build.0 = Debug|Any CPU
		{4E03C537-F952-4313-9A80-60FECF843C20}.Release|Any CPU.ActiveCfg = Release|Any CPU
		{4E03C537-F952-4313-9A80-60FECF843C20}.Release|Any CPU.Build.0 = Release|Any CPU
		{CDBB1E97-7CEE-40DB-B331-D9D666E677DA}.Debug|Any CPU.ActiveCfg = Debug|Any CPU
		{CDBB1E97-7CEE-40DB-B331-D9D666E677DA}.Debug|Any CPU.Build.0 = Debug|Any CPU
		{CDBB1E97-7CEE-40DB-B331-D9D666E677DA}.Release|Any CPU.ActiveCfg = Release|Any CPU
		{CDBB1E97-7CEE-40DB-B331-D9D666E677DA}.Release|Any CPU.Build.0 = Release|Any CPU
		{B2363376-CF60-46B3-A5DD-0CE5A958A993}.Debug|Any CPU.ActiveCfg = Debug|Any CPU
		{B2363376-CF60-46B3-A5DD-0CE5A958A993}.Debug|Any CPU.Build.0 = Debug|Any CPU
		{B2363376-CF60-46B3-A5DD-0CE5A958A993}.Release|Any CPU.ActiveCfg = Release|Any CPU
		{B2363376-CF60-46B3-A5DD-0CE5A958A993}.Release|Any CPU.Build.0 = Release|Any CPU
		{EABA5305-1E70-4E60-8603-88C602C1DEE8}.Debug|Any CPU.ActiveCfg = Debug|Any CPU
		{EABA5305-1E70-4E60-8603-88C602C1DEE8}.Debug|Any CPU.Build.0 = Debug|Any CPU
		{EABA5305-1E70-4E60-8603-88C602C1DEE8}.Release|Any CPU.ActiveCfg = Release|Any CPU
		{EABA5305-1E70-4E60-8603-88C602C1DEE8}.Release|Any CPU.Build.0 = Release|Any CPU
	EndGlobalSection
	GlobalSection(SolutionProperties) = preSolution
		HideSolutionNode = FALSE
	EndGlobalSection
	GlobalSection(ExtensibilityGlobals) = postSolution
		SolutionGuid = {8808572C-2FBC-4CA4-9092-42095ECC42C6}
	EndGlobalSection
EndGlobal
